
Microsoft Visual Studio Solution File, Format Version 12.00
# Visual Studio Version 17
VisualStudioVersion = 17.9.34622.214
MinimumVisualStudioVersion = 10.0.40219.1
Project("{FAE04EC0-301F-11D3-BF4B-00C04F79EFBC}") = "Library", "Library\Library.csproj", "{F85552EB-EEE0-41DC-A4D0-A9030948EA5E}"
EndProject
Global
	GlobalSection(SolutionConfigurationPlatforms) = preSolution
		Debug|Any CPU = Debug|Any CPU
		Release|Any CPU = Release|Any CPU
	EndGlobalSection
	GlobalSection(ProjectConfigurationPlatforms) = postSolution
		{F85552EB-EEE0-41DC-A4D0-A9030948EA5E}.Debug|Any CPU.ActiveCfg = Debug|Any CPU
		{F85552EB-EEE0-41DC-A4D0-A9030948EA5E}.Debug|Any CPU.Build.0 = Debug|Any CPU
		{F85552EB-EEE0-41DC-A4D0-A9030948EA5E}.Release|Any CPU.ActiveCfg = Release|Any CPU
		{F85552EB-EEE0-41DC-A4D0-A9030948EA5E}.Release|Any CPU.Build.0 = Release|Any CPU
	EndGlobalSection
	GlobalSection(SolutionProperties) = preSolution
		HideSolutionNode = FALSE
	EndGlobalSection
	GlobalSection(ExtensibilityGlobals) = postSolution
		SolutionGuid = {C56ADAF2-CBEA-4F89-A889-214F3BC69A4A}
	EndGlobalSection
EndGlobal
